// !$*UTF8*$!
{
	archiveVersion = 1;
	classes = {
	};
	objectVersion = 46;
	objects = {

/* Begin PBXBuildFile section */
		D8FAC3A01EA5462E00F283CE /* AppDelegate.swift in Sources */ = {isa = PBXBuildFile; fileRef = D8FAC39F1EA5462E00F283CE /* AppDelegate.swift */; };
		D8FAC3A21EA5462E00F283CE /* ViewController.swift in Sources */ = {isa = PBXBuildFile; fileRef = D8FAC3A11EA5462E00F283CE /* ViewController.swift */; };
		D8FAC3A51EA5462E00F283CE /* Main.storyboard in Resources */ = {isa = PBXBuildFile; fileRef = D8FAC3A31EA5462E00F283CE /* Main.storyboard */; };
		D8FAC3A71EA5462E00F283CE /* Assets.xcassets in Resources */ = {isa = PBXBuildFile; fileRef = D8FAC3A61EA5462E00F283CE /* Assets.xcassets */; };
		D8FAC3AA1EA5462E00F283CE /* LaunchScreen.storyboard in Resources */ = {isa = PBXBuildFile; fileRef = D8FAC3A81EA5462E00F283CE /* LaunchScreen.storyboard */; };
		D8FAC3B91EA5488E00F283CE /* chomp.caf in Resources */ = {isa = PBXBuildFile; fileRef = D8FAC3B31EA5488E00F283CE /* chomp.caf */; };
		D8FAC3BA1EA5488E00F283CE /* hehehe1.caf in Resources */ = {isa = PBXBuildFile; fileRef = D8FAC3B41EA5488E00F283CE /* hehehe1.caf */; };
/* End PBXBuildFile section */

/* Begin PBXFileReference section */
		D8FAC39C1EA5462E00F283CE /* MonkeyPinch.app */ = {isa = PBXFileReference; explicitFileType = wrapper.application; includeInIndex = 0; path = MonkeyPinch.app; sourceTree = BUILT_PRODUCTS_DIR; };
		D8FAC39F1EA5462E00F283CE /* AppDelegate.swift */ = {isa = PBXFileReference; lastKnownFileType = sourcecode.swift; path = AppDelegate.swift; sourceTree = "<group>"; };
		D8FAC3A11EA5462E00F283CE /* ViewController.swift */ = {isa = PBXFileReference; lastKnownFileType = sourcecode.swift; path = ViewController.swift; sourceTree = "<group>"; };
		D8FAC3A41EA5462E00F283CE /* Base */ = {isa = PBXFileReference; lastKnownFileType = file.storyboard; name = Base; path = Base.lproj/Main.storyboard; sourceTree = "<group>"; };
		D8FAC3A61EA5462E00F283CE /* Assets.xcassets */ = {isa = PBXFileReference; lastKnownFileType = folder.assetcatalog; path = Assets.xcassets; sourceTree = "<group>"; };
		D8FAC3A91EA5462E00F283CE /* Base */ = {isa = PBXFileReference; lastKnownFileType = file.storyboard; name = Base; path = Base.lproj/LaunchScreen.storyboard; sourceTree = "<group>"; };
		D8FAC3AB1EA5462E00F283CE /* Info.plist */ = {isa = PBXFileReference; lastKnownFileType = text.plist.xml; path = Info.plist; sourceTree = "<group>"; };
		D8FAC3B31EA5488E00F283CE /* chomp.caf */ = {isa = PBXFileReference; lastKnownFileType = file; path = chomp.caf; sourceTree = "<group>"; };
		D8FAC3B41EA5488E00F283CE /* hehehe1.caf */ = {isa = PBXFileReference; lastKnownFileType = file; path = hehehe1.caf; sourceTree = "<group>"; };
/* End PBXFileReference section */

/* Begin PBXFrameworksBuildPhase section */
		D8FAC3991EA5462E00F283CE /* Frameworks */ = {
			isa = PBXFrameworksBuildPhase;
			buildActionMask = 2147483647;
			files = (
			);
			runOnlyForDeploymentPostprocessing = 0;
		};
/* End PBXFrameworksBuildPhase section */

/* Begin PBXGroup section */
		D8FAC3931EA5462E00F283CE = {
			isa = PBXGroup;
			children = (
				D8FAC39E1EA5462E00F283CE /* MonkeyPinch */,
				D8FAC39D1EA5462E00F283CE /* Products */,
			);
			sourceTree = "<group>";
		};
		D8FAC39D1EA5462E00F283CE /* Products */ = {
			isa = PBXGroup;
			children = (
				D8FAC39C1EA5462E00F283CE /* MonkeyPinch.app */,
			);
			name = Products;
			sourceTree = "<group>";
		};
		D8FAC39E1EA5462E00F283CE /* MonkeyPinch */ = {
			isa = PBXGroup;
			children = (
				D8FAC39F1EA5462E00F283CE /* AppDelegate.swift */,
				D8FAC3A11EA5462E00F283CE /* ViewController.swift */,
				D8FAC3A61EA5462E00F283CE /* Assets.xcassets */,
				D8FAC3B31EA5488E00F283CE /* chomp.caf */,
				D8FAC3B41EA5488E00F283CE /* hehehe1.caf */,
				D8FAC3A81EA5462E00F283CE /* LaunchScreen.storyboard */,
				D8FAC3AB1EA5462E00F283CE /* Info.plist */,
				D8FAC3A31EA5462E00F283CE /* Main.storyboard */,
			);
			path = MonkeyPinch;
			sourceTree = "<group>";
		};
/* End PBXGroup section */

/* Begin PBXNativeTarget section */
		D8FAC39B1EA5462E00F283CE /* MonkeyPinch */ = {
			isa = PBXNativeTarget;
			buildConfigurationList = D8FAC3AE1EA5462E00F283CE /* Build configuration list for PBXNativeTarget "MonkeyPinch" */;
			buildPhases = (
				D8FAC3981EA5462E00F283CE /* Sources */,
				D8FAC3991EA5462E00F283CE /* Frameworks */,
				D8FAC39A1EA5462E00F283CE /* Resources */,
			);
			buildRules = (
			);
			dependencies = (
			);
			name = MonkeyPinch;
			productName = MonkeyPinch;
			productReference = D8FAC39C1EA5462E00F283CE /* MonkeyPinch.app */;
			productType = "com.apple.product-type.application";
		};
/* End PBXNativeTarget section */

/* Begin PBXProject section */
		D8FAC3941EA5462E00F283CE /* Project object */ = {
			isa = PBXProject;
			attributes = {
				LastSwiftUpdateCheck = 0830;
				LastUpgradeCheck = 0830;
				ORGANIZATIONNAME = "Ricardo Sousa";
				TargetAttributes = {
					D8FAC39B1EA5462E00F283CE = {
						CreatedOnToolsVersion = 8.3;
						DevelopmentTeam = W84WSQX9M7;
						ProvisioningStyle = Automatic;
					};
				};
			};
			buildConfigurationList = D8FAC3971EA5462E00F283CE /* Build configuration list for PBXProject "MonkeyPinch" */;
			compatibilityVersion = "Xcode 3.2";
			developmentRegion = English;
			hasScannedForEncodings = 0;
			knownRegions = (
				en,
				Base,
			);
			mainGroup = D8FAC3931EA5462E00F283CE;
			productRefGroup = D8FAC39D1EA5462E00F283CE /* Products */;
			projectDirPath = "";
			projectRoot = "";
			targets = (
				D8FAC39B1EA5462E00F283CE /* MonkeyPinch */,
			);
		};
/* End PBXProject section */

/* Begin PBXResourcesBuildPhase section */
		D8FAC39A1EA5462E00F283CE /* Resources */ = {
			isa = PBXResourcesBuildPhase;
			buildActionMask = 2147483647;
			files = (
				D8FAC3B91EA5488E00F283CE /* chomp.caf in Resources */,
				D8FAC3AA1EA5462E00F283CE /* LaunchScreen.storyboard in Resources */,
				D8FAC3A71EA5462E00F283CE /* Assets.xcassets in Resources */,
				D8FAC3A51EA5462E00F283CE /* Main.storyboard in Resources */,
				D8FAC3BA1EA5488E00F283CE /* hehehe1.caf in Resources */,
			);
			runOnlyForDeploymentPostprocessing = 0;
		};
/* End PBXResourcesBuildPhase section */

/* Begin PBXSourcesBuildPhase section */
		D8FAC3981EA5462E00F283CE /* Sources */ = {
			isa = PBXSourcesBuildPhase;
			buildActionMask = 2147483647;
			files = (
				D8FAC3A21EA5462E00F283CE /* ViewController.swift in Sources */,
				D8FAC3A01EA5462E00F283CE /* AppDelegate.swift in Sources */,
			);
			runOnlyForDeploymentPostprocessing = 0;
		};
/* End PBXSourcesBuildPhase section */

/* Begin PBXVariantGroup section */
		D8FAC3A31EA5462E00F283CE /* Main.storyboard */ = {
			isa = PBXVariantGroup;
			children = (
				D8FAC3A41EA5462E00F283CE /* Base */,
			);
			name = Main.storyboard;
			sourceTree = "<group>";
		};
		D8FAC3A81EA5462E00F283CE /* LaunchScreen.storyboard */ = {
			isa = PBXVariantGroup;
			children = (
				D8FAC3A91EA5462E00F283CE /* Base */,
			);
			name = LaunchScreen.storyboard;
			sourceTree = "<group>";
		};
/* End PBXVariantGroup section */

/* Begin XCBuildConfiguration section */
		D8FAC3AC1EA5462E00F283CE /* Debug */ = {
			isa = XCBuildConfiguration;
			buildSettings = {
				ALWAYS_SEARCH_USER_PATHS = NO;
				CLANG_ANALYZER_NONNULL = YES;
				CLANG_ANALYZER_NUMBER_OBJECT_CONVERSION = YES_AGGRESSIVE;
				CLANG_CXX_LANGUAGE_STANDARD = "gnu++0x";
				CLANG_CXX_LIBRARY = "libc++";
				CLANG_ENABLE_MODULES = YES;
				CLANG_ENABLE_OBJC_ARC = YES;
				CLANG_WARN_BOOL_CONVERSION = YES;
				CLANG_WARN_CONSTANT_CONVERSION = YES;
				CLANG_WARN_DIRECT_OBJC_ISA_USAGE = YES_ERROR;
				CLANG_WARN_DOCUMENTATION_COMMENTS = YES;
				CLANG_WARN_EMPTY_BODY = YES;
				CLANG_WARN_ENUM_CONVERSION = YES;
				CLANG_WARN_INFINITE_RECURSION = YES;
				CLANG_WARN_INT_CONVERSION = YES;
				CLANG_WARN_OBJC_ROOT_CLASS = YES_ERROR;
				CLANG_WARN_SUSPICIOUS_MOVE = YES;
				CLANG_WARN_UNREACHABLE_CODE = YES;
				CLANG_WARN__DUPLICATE_METHOD_MATCH = YES;
				"CODE_SIGN_IDENTITY[sdk=iphoneos*]" = "iPhone Developer";
				COPY_PHASE_STRIP = NO;
				DEBUG_INFORMATION_FORMAT = dwarf;
				ENABLE_STRICT_OBJC_MSGSEND = YES;
				ENABLE_TESTABILITY = YES;
				GCC_C_LANGUAGE_STANDARD = gnu99;
				GCC_DYNAMIC_NO_PIC = NO;
				GCC_NO_COMMON_BLOCKS = YES;
				GCC_OPTIMIZATION_LEVEL = 0;
				GCC_PREPROCESSOR_DEFINITIONS = (
					"DEBUG=1",
					"$(inherited)",
				);
				GCC_WARN_64_TO_32_BIT_CONVERSION = YES;
				GCC_WARN_ABOUT_RETURN_TYPE = YES_ERROR;
				GCC_WARN_UNDECLARED_SELECTOR = YES;
				GCC_WARN_UNINITIALIZED_AUTOS = YES_AGGRESSIVE;
				GCC_WARN_UNUSED_FUNCTION = YES;
				GCC_WARN_UNUSED_VARIABLE = YES;
				IPHONEOS_DEPLOYMENT_TARGET = 10.3;
				MTL_ENABLE_DEBUG_INFO = YES;
				ONLY_ACTIVE_ARCH = YES;
				SDKROOT = iphoneos;
				SWIFT_ACTIVE_COMPILATION_CONDITIONS = DEBUG;
				SWIFT_OPTIMIZATION_LEVEL = "-Onone";
			};
			name = Debug;
		};
		D8FAC3AD1EA5462E00F283CE /* Release */ = {
			isa = XCBuildConfiguration;
			buildSettings = {
				ALWAYS_SEARCH_USER_PATHS = NO;
				CLANG_ANALYZER_NONNULL = YES;
				CLANG_ANALYZER_NUMBER_OBJECT_CONVERSION = YES_AGGRESSIVE;
				CLANG_CXX_LANGUAGE_STANDARD = "gnu++0x";
				CLANG_CXX_LIBRARY = "libc++";
				CLANG_ENABLE_MODULES = YES;
				CLANG_ENABLE_OBJC_ARC = YES;
				CLANG_WARN_BOOL_CONVERSION = YES;
				CLANG_WARN_CONSTANT_CONVERSION = YES;
				CLANG_WARN_DIRECT_OBJC_ISA_USAGE = YES_ERROR;
				CLANG_WARN_DOCUMENTATION_COMMENTS = YES;
				CLANG_WARN_EMPTY_BODY = YES;
				CLANG_WARN_ENUM_CONVERSION = YES;
				CLANG_WARN_INFINITE_RECURSION = YES;
				CLANG_WARN_INT_CONVERSION = YES;
				CLANG_WARN_OBJC_ROOT_CLASS = YES_ERROR;
				CLANG_WARN_SUSPICIOUS_MOVE = YES;
				CLANG_WARN_UNREACHABLE_CODE = YES;
				CLANG_WARN__DUPLICATE_METHOD_MATCH = YES;
				"CODE_SIGN_IDENTITY[sdk=iphoneos*]" = "iPhone Developer";
				COPY_PHASE_STRIP = NO;
				DEBUG_INFORMATION_FORMAT = "dwarf-with-dsym";
				ENABLE_NS_ASSERTIONS = NO;
				ENABLE_STRICT_OBJC_MSGSEND = YES;
				GCC_C_LANGUAGE_STANDARD = gnu99;
				GCC_NO_COMMON_BLOCKS = YES;
				GCC_WARN_64_TO_32_BIT_CONVERSION = YES;
				GCC_WARN_ABOUT_RETURN_TYPE = YES_ERROR;
				GCC_WARN_UNDECLARED_SELECTOR = YES;
				GCC_WARN_UNINITIALIZED_AUTOS = YES_AGGRESSIVE;
				GCC_WARN_UNUSED_FUNCTION = YES;
				GCC_WARN_UNUSED_VARIABLE = YES;
				IPHONEOS_DEPLOYMENT_TARGET = 10.3;
				MTL_ENABLE_DEBUG_INFO = NO;
				SDKROOT = iphoneos;
				SWIFT_OPTIMIZATION_LEVEL = "-Owholemodule";
				VALIDATE_PRODUCT = YES;
			};
			name = Release;
		};
		D8FAC3AF1EA5462E00F283CE /* Debug */ = {
			isa = XCBuildConfiguration;
			buildSettings = {
				ASSETCATALOG_COMPILER_APPICON_NAME = AppIcon;
				DEVELOPMENT_TEAM = W84WSQX9M7;
				INFOPLIST_FILE = MonkeyPinch/Info.plist;
				LD_RUNPATH_SEARCH_PATHS = "$(inherited) @executable_path/Frameworks";
				PRODUCT_BUNDLE_IDENTIFIER = br.mackenzie.MonkeyPinch;
				PRODUCT_NAME = "$(TARGET_NAME)";
				SWIFT_VERSION = 3.0;
			};
			name = Debug;
		};
		D8FAC3B01EA5462E00F283CE /* Release */ = {
			isa = XCBuildConfiguration;
			buildSettings = {
				ASSETCATALOG_COMPILER_APPICON_NAME = AppIcon;
				DEVELOPMENT_TEAM = W84WSQX9M7;
				INFOPLIST_FILE = MonkeyPinch/Info.plist;
				LD_RUNPATH_SEARCH_PATHS = "$(inherited) @executable_path/Frameworks";
				PRODUCT_BUNDLE_IDENTIFIER = br.mackenzie.MonkeyPinch;
				PRODUCT_NAME = "$(TARGET_NAME)";
				SWIFT_VERSION = 3.0;
			};
			name = Release;
		};
/* End XCBuildConfiguration section */

/* Begin XCConfigurationList section */
		D8FAC3971EA5462E00F283CE /* Build configuration list for PBXProject "MonkeyPinch" */ = {
			isa = XCConfigurationList;
			buildConfigurations = (
				D8FAC3AC1EA5462E00F283CE /* Debug */,
				D8FAC3AD1EA5462E00F283CE /* Release */,
			);
			defaultConfigurationIsVisible = 0;
			defaultConfigurationName = Release;
		};
		D8FAC3AE1EA5462E00F283CE /* Build configuration list for PBXNativeTarget "MonkeyPinch" */ = {
			isa = XCConfigurationList;
			buildConfigurations = (
				D8FAC3AF1EA5462E00F283CE /* Debug */,
				D8FAC3B01EA5462E00F283CE /* Release */,
			);
			defaultConfigurationIsVisible = 0;
		};
/* End XCConfigurationList section */
	};
	rootObject = D8FAC3941EA5462E00F283CE /* Project object */;
}
